<Solution>
  <Folder Name="/benchmarks/">
    <Project Path="benchmarks/MonoWeaver.Benchmarks/MonoWeaver.Benchmarks.csproj" />
  </Folder>
  <Folder Name="/tests/">
    <Project Path="tests/MonoWeaver.ILTests/MonoWeaver.ILTests.csproj" />
    <Project Path="tests/MonoWeaver.PatternTests/MonoWeaver.PatternTests.csproj" />
    <Project Path="tests/MonoWeaver.DocSamples/MonoWeaver.DocSamples.csproj" />
  </Folder>
  <Project Path="MonoWeaver.Fuzz/MonoWeaver.Fuzz.csproj" />
  <Project Path="MonoWeaver/MonoWeaver.csproj" />
</Solution>
